// !$*UTF8*$!
{
	archiveVersion = 1;
	classes = {
	};
	objectVersion = 50;
	objects = {

/* Begin PBXBuildFile section */
		285ADE882638422C008F7004 /* UIColor + Extension .swift in Sources */ = {isa = PBXBuildFile; fileRef = 285ADE872638422C008F7004 /* UIColor + Extension .swift */; };
		285ADE8B263853BB008F7004 /* AsteroidDetailVC.swift in Sources */ = {isa = PBXBuildFile; fileRef = 285ADE8A263853BB008F7004 /* AsteroidDetailVC.swift */; };
		2879001A2654DFA40099AB53 /* AsteroidsRouter.swift in Sources */ = {isa = PBXBuildFile; fileRef = 287900192654DFA40099AB53 /* AsteroidsRouter.swift */; };
		2879001C2654E5CE0099AB53 /* AsteroidDetailInteractor.swift in Sources */ = {isa = PBXBuildFile; fileRef = 2879001B2654E5CE0099AB53 /* AsteroidDetailInteractor.swift */; };
		2879001E2654E5D60099AB53 /* AsteroidDetailPresenter.swift in Sources */ = {isa = PBXBuildFile; fileRef = 2879001D2654E5D60099AB53 /* AsteroidDetailPresenter.swift */; };
		287900202654E5E20099AB53 /* AsteroidDetailRouter.swift in Sources */ = {isa = PBXBuildFile; fileRef = 2879001F2654E5E20099AB53 /* AsteroidDetailRouter.swift */; };
		287900242654E6000099AB53 /* AsteroidDetailConfigurator.swift in Sources */ = {isa = PBXBuildFile; fileRef = 287900232654E6000099AB53 /* AsteroidDetailConfigurator.swift */; };
		287C49E22637FB4300F34030 /* UIButton + Extension.swift in Sources */ = {isa = PBXBuildFile; fileRef = 287C49E12637FB4300F34030 /* UIButton + Extension.swift */; };
		287C49E42637FD1200F34030 /* UIStackView + Extension.swift in Sources */ = {isa = PBXBuildFile; fileRef = 287C49E32637FD1200F34030 /* UIStackView + Extension.swift */; };
		287C49E92638139E00F34030 /* AsteroidCell.swift in Sources */ = {isa = PBXBuildFile; fileRef = 287C49E82638139E00F34030 /* AsteroidCell.swift */; };
		287C49ED263824BE00F34030 /* NetworkDataFeatcher.swift in Sources */ = {isa = PBXBuildFile; fileRef = 287C49EC263824BE00F34030 /* NetworkDataFeatcher.swift */; };
		287C49EF2638255D00F34030 /* API.swift in Sources */ = {isa = PBXBuildFile; fileRef = 287C49EE2638255D00F34030 /* API.swift */; };
		2885D0E02637DD9F00D0FC12 /* AppDelegate.swift in Sources */ = {isa = PBXBuildFile; fileRef = 2885D0DF2637DD9F00D0FC12 /* AppDelegate.swift */; };
		2885D0E22637DD9F00D0FC12 /* SceneDelegate.swift in Sources */ = {isa = PBXBuildFile; fileRef = 2885D0E12637DD9F00D0FC12 /* SceneDelegate.swift */; };
		2885D0E42637DD9F00D0FC12 /* WelcomeViewController.swift in Sources */ = {isa = PBXBuildFile; fileRef = 2885D0E32637DD9F00D0FC12 /* WelcomeViewController.swift */; };
		2885D0E72637DD9F00D0FC12 /* Main.storyboard in Resources */ = {isa = PBXBuildFile; fileRef = 2885D0E52637DD9F00D0FC12 /* Main.storyboard */; };
		2885D0E92637DDA200D0FC12 /* Assets.xcassets in Resources */ = {isa = PBXBuildFile; fileRef = 2885D0E82637DDA200D0FC12 /* Assets.xcassets */; };
		2885D0EC2637DDA200D0FC12 /* LaunchScreen.storyboard in Resources */ = {isa = PBXBuildFile; fileRef = 2885D0EA2637DDA200D0FC12 /* LaunchScreen.storyboard */; };
		2885D0F52637E1DC00D0FC12 /* NetworkService.swift in Sources */ = {isa = PBXBuildFile; fileRef = 2885D0F42637E1DC00D0FC12 /* NetworkService.swift */; };
		2885D0F92637E91300D0FC12 /* AsteroidModel.swift in Sources */ = {isa = PBXBuildFile; fileRef = 2885D0F82637E91300D0FC12 /* AsteroidModel.swift */; };
		2885D0FC2637ECE200D0FC12 /* APODModel.swift in Sources */ = {isa = PBXBuildFile; fileRef = 2885D0FB2637ECE200D0FC12 /* APODModel.swift */; };
		2885D1002637EE1700D0FC12 /* APODViewController.swift in Sources */ = {isa = PBXBuildFile; fileRef = 2885D0FF2637EE1700D0FC12 /* APODViewController.swift */; };
		2885D1032637EE3300D0FC12 /* AsteroidsViewController.swift in Sources */ = {isa = PBXBuildFile; fileRef = 2885D1022637EE3300D0FC12 /* AsteroidsViewController.swift */; };
		289FCE75264B5BF20014E522 /* WelcomeInteractor.swift in Sources */ = {isa = PBXBuildFile; fileRef = 289FCE74264B5BF20014E522 /* WelcomeInteractor.swift */; };
		289FCE77264B5BFD0014E522 /* WelcomePresentor.swift in Sources */ = {isa = PBXBuildFile; fileRef = 289FCE76264B5BFD0014E522 /* WelcomePresentor.swift */; };
		289FCE79264B5C1C0014E522 /* WelcomeRouter.swift in Sources */ = {isa = PBXBuildFile; fileRef = 289FCE78264B5C1C0014E522 /* WelcomeRouter.swift */; };
		289FCE7B264B5C2E0014E522 /* WelcomeWorker.swift in Sources */ = {isa = PBXBuildFile; fileRef = 289FCE7A264B5C2E0014E522 /* WelcomeWorker.swift */; };
		289FCE7D264B5C480014E522 /* WelcomeModels.swift in Sources */ = {isa = PBXBuildFile; fileRef = 289FCE7C264B5C480014E522 /* WelcomeModels.swift */; };
		289FCE82264B6B150014E522 /* APODInteractor.swift in Sources */ = {isa = PBXBuildFile; fileRef = 289FCE81264B6B140014E522 /* APODInteractor.swift */; };
		289FCE84264B6B210014E522 /* APODPresenter.swift in Sources */ = {isa = PBXBuildFile; fileRef = 289FCE83264B6B210014E522 /* APODPresenter.swift */; };
		289FCE86264B6B2D0014E522 /* APODRouter.swift in Sources */ = {isa = PBXBuildFile; fileRef = 289FCE85264B6B2D0014E522 /* APODRouter.swift */; };
		289FCE8A264B6BA80014E522 /* APODModels.swift in Sources */ = {isa = PBXBuildFile; fileRef = 289FCE89264B6BA80014E522 /* APODModels.swift */; };
		289FCE8C264B7E9E0014E522 /* WelcomeConfigurator.swift in Sources */ = {isa = PBXBuildFile; fileRef = 289FCE8B264B7E9E0014E522 /* WelcomeConfigurator.swift */; };
		289FCE8E264B80430014E522 /* APODConfigurator.swift in Sources */ = {isa = PBXBuildFile; fileRef = 289FCE8D264B80430014E522 /* APODConfigurator.swift */; };
		289FCE90264BEE570014E522 /* AsteroidsInteractor.swift in Sources */ = {isa = PBXBuildFile; fileRef = 289FCE8F264BEE570014E522 /* AsteroidsInteractor.swift */; };
		289FCE92264BEE640014E522 /* AsteroidsPresenter.swift in Sources */ = {isa = PBXBuildFile; fileRef = 289FCE91264BEE640014E522 /* AsteroidsPresenter.swift */; };
		289FCE94264BEEA10014E522 /* AsteroidsModels.swift in Sources */ = {isa = PBXBuildFile; fileRef = 289FCE93264BEEA10014E522 /* AsteroidsModels.swift */; };
		289FCE96264BEEAC0014E522 /* AsteroidsWorker.swift in Sources */ = {isa = PBXBuildFile; fileRef = 289FCE95264BEEAC0014E522 /* AsteroidsWorker.swift */; };
		289FCE98264BEED80014E522 /* AsteroidsConfigurator.swift in Sources */ = {isa = PBXBuildFile; fileRef = 289FCE97264BEED80014E522 /* AsteroidsConfigurator.swift */; };
		415ABD1AEB853AFC4A274943 /* Pods_TestApp.framework in Frameworks */ = {isa = PBXBuildFile; fileRef = B044EEC2A3AAE00AEED111EA /* Pods_TestApp.framework */; };
/* End PBXBuildFile section */

/* Begin PBXFileReference section */
		09F57EF68321A86CC27530A9 /* Pods-TestApp.debug.xcconfig */ = {isa = PBXFileReference; includeInIndex = 1; lastKnownFileType = text.xcconfig; name = "Pods-TestApp.debug.xcconfig"; path = "Target Support Files/Pods-TestApp/Pods-TestApp.debug.xcconfig"; sourceTree = "<group>"; };
		285ADE872638422C008F7004 /* UIColor + Extension .swift */ = {isa = PBXFileReference; lastKnownFileType = sourcecode.swift; path = "UIColor + Extension .swift"; sourceTree = "<group>"; };
		285ADE8A263853BB008F7004 /* AsteroidDetailVC.swift */ = {isa = PBXFileReference; lastKnownFileType = sourcecode.swift; path = AsteroidDetailVC.swift; sourceTree = "<group>"; };
		287900192654DFA40099AB53 /* AsteroidsRouter.swift */ = {isa = PBXFileReference; lastKnownFileType = sourcecode.swift; path = AsteroidsRouter.swift; sourceTree = "<group>"; };
		2879001B2654E5CE0099AB53 /* AsteroidDetailInteractor.swift */ = {isa = PBXFileReference; lastKnownFileType = sourcecode.swift; path = AsteroidDetailInteractor.swift; sourceTree = "<group>"; };
		2879001D2654E5D60099AB53 /* AsteroidDetailPresenter.swift */ = {isa = PBXFileReference; lastKnownFileType = sourcecode.swift; path = AsteroidDetailPresenter.swift; sourceTree = "<group>"; };
		2879001F2654E5E20099AB53 /* AsteroidDetailRouter.swift */ = {isa = PBXFileReference; lastKnownFileType = sourcecode.swift; path = AsteroidDetailRouter.swift; sourceTree = "<group>"; };
		287900232654E6000099AB53 /* AsteroidDetailConfigurator.swift */ = {isa = PBXFileReference; lastKnownFileType = sourcecode.swift; path = AsteroidDetailConfigurator.swift; sourceTree = "<group>"; };
		287C49E12637FB4300F34030 /* UIButton + Extension.swift */ = {isa = PBXFileReference; lastKnownFileType = sourcecode.swift; path = "UIButton + Extension.swift"; sourceTree = "<group>"; };
		287C49E32637FD1200F34030 /* UIStackView + Extension.swift */ = {isa = PBXFileReference; lastKnownFileType = sourcecode.swift; path = "UIStackView + Extension.swift"; sourceTree = "<group>"; };
		287C49E82638139E00F34030 /* AsteroidCell.swift */ = {isa = PBXFileReference; lastKnownFileType = sourcecode.swift; path = AsteroidCell.swift; sourceTree = "<group>"; };
		287C49EC263824BE00F34030 /* NetworkDataFeatcher.swift */ = {isa = PBXFileReference; lastKnownFileType = sourcecode.swift; path = NetworkDataFeatcher.swift; sourceTree = "<group>"; };
		287C49EE2638255D00F34030 /* API.swift */ = {isa = PBXFileReference; lastKnownFileType = sourcecode.swift; path = API.swift; sourceTree = "<group>"; };
		2885D0DC2637DD9F00D0FC12 /* TestApp.app */ = {isa = PBXFileReference; explicitFileType = wrapper.application; includeInIndex = 0; path = TestApp.app; sourceTree = BUILT_PRODUCTS_DIR; };
		2885D0DF2637DD9F00D0FC12 /* AppDelegate.swift */ = {isa = PBXFileReference; lastKnownFileType = sourcecode.swift; path = AppDelegate.swift; sourceTree = "<group>"; };
		2885D0E12637DD9F00D0FC12 /* SceneDelegate.swift */ = {isa = PBXFileReference; lastKnownFileType = sourcecode.swift; path = SceneDelegate.swift; sourceTree = "<group>"; };
		2885D0E32637DD9F00D0FC12 /* WelcomeViewController.swift */ = {isa = PBXFileReference; lastKnownFileType = sourcecode.swift; path = WelcomeViewController.swift; sourceTree = "<group>"; };
		2885D0E62637DD9F00D0FC12 /* Base */ = {isa = PBXFileReference; lastKnownFileType = file.storyboard; name = Base; path = Base.lproj/Main.storyboard; sourceTree = "<group>"; };
		2885D0E82637DDA200D0FC12 /* Assets.xcassets */ = {isa = PBXFileReference; lastKnownFileType = folder.assetcatalog; path = Assets.xcassets; sourceTree = "<group>"; };
		2885D0EB2637DDA200D0FC12 /* Base */ = {isa = PBXFileReference; lastKnownFileType = file.storyboard; name = Base; path = Base.lproj/LaunchScreen.storyboard; sourceTree = "<group>"; };
		2885D0ED2637DDA200D0FC12 /* Info.plist */ = {isa = PBXFileReference; lastKnownFileType = text.plist.xml; path = Info.plist; sourceTree = "<group>"; };
		2885D0F42637E1DC00D0FC12 /* NetworkService.swift */ = {isa = PBXFileReference; lastKnownFileType = sourcecode.swift; path = NetworkService.swift; sourceTree = "<group>"; };
		2885D0F82637E91300D0FC12 /* AsteroidModel.swift */ = {isa = PBXFileReference; lastKnownFileType = sourcecode.swift; path = AsteroidModel.swift; sourceTree = "<group>"; };
		2885D0FB2637ECE200D0FC12 /* APODModel.swift */ = {isa = PBXFileReference; lastKnownFileType = sourcecode.swift; path = APODModel.swift; sourceTree = "<group>"; };
		2885D0FF2637EE1700D0FC12 /* APODViewController.swift */ = {isa = PBXFileReference; lastKnownFileType = sourcecode.swift; path = APODViewController.swift; sourceTree = "<group>"; };
		2885D1022637EE3300D0FC12 /* AsteroidsViewController.swift */ = {isa = PBXFileReference; lastKnownFileType = sourcecode.swift; path = AsteroidsViewController.swift; sourceTree = "<group>"; };
		289FCE74264B5BF20014E522 /* WelcomeInteractor.swift */ = {isa = PBXFileReference; lastKnownFileType = sourcecode.swift; path = WelcomeInteractor.swift; sourceTree = "<group>"; };
		289FCE76264B5BFD0014E522 /* WelcomePresentor.swift */ = {isa = PBXFileReference; lastKnownFileType = sourcecode.swift; path = WelcomePresentor.swift; sourceTree = "<group>"; };
		289FCE78264B5C1C0014E522 /* WelcomeRouter.swift */ = {isa = PBXFileReference; lastKnownFileType = sourcecode.swift; path = WelcomeRouter.swift; sourceTree = "<group>"; };
		289FCE7A264B5C2E0014E522 /* WelcomeWorker.swift */ = {isa = PBXFileReference; lastKnownFileType = sourcecode.swift; path = WelcomeWorker.swift; sourceTree = "<group>"; };
		289FCE7C264B5C480014E522 /* WelcomeModels.swift */ = {isa = PBXFileReference; lastKnownFileType = sourcecode.swift; path = WelcomeModels.swift; sourceTree = "<group>"; };
		289FCE81264B6B140014E522 /* APODInteractor.swift */ = {isa = PBXFileReference; lastKnownFileType = sourcecode.swift; path = APODInteractor.swift; sourceTree = "<group>"; };
		289FCE83264B6B210014E522 /* APODPresenter.swift */ = {isa = PBXFileReference; lastKnownFileType = sourcecode.swift; path = APODPresenter.swift; sourceTree = "<group>"; };
		289FCE85264B6B2D0014E522 /* APODRouter.swift */ = {isa = PBXFileReference; lastKnownFileType = sourcecode.swift; path = APODRouter.swift; sourceTree = "<group>"; };
		289FCE89264B6BA80014E522 /* APODModels.swift */ = {isa = PBXFileReference; lastKnownFileType = sourcecode.swift; path = APODModels.swift; sourceTree = "<group>"; };
		289FCE8B264B7E9E0014E522 /* WelcomeConfigurator.swift */ = {isa = PBXFileReference; lastKnownFileType = sourcecode.swift; path = WelcomeConfigurator.swift; sourceTree = "<group>"; };
		289FCE8D264B80430014E522 /* APODConfigurator.swift */ = {isa = PBXFileReference; lastKnownFileType = sourcecode.swift; path = APODConfigurator.swift; sourceTree = "<group>"; };
		289FCE8F264BEE570014E522 /* AsteroidsInteractor.swift */ = {isa = PBXFileReference; lastKnownFileType = sourcecode.swift; path = AsteroidsInteractor.swift; sourceTree = "<group>"; };
		289FCE91264BEE640014E522 /* AsteroidsPresenter.swift */ = {isa = PBXFileReference; lastKnownFileType = sourcecode.swift; path = AsteroidsPresenter.swift; sourceTree = "<group>"; };
		289FCE93264BEEA10014E522 /* AsteroidsModels.swift */ = {isa = PBXFileReference; lastKnownFileType = sourcecode.swift; path = AsteroidsModels.swift; sourceTree = "<group>"; };
		289FCE95264BEEAC0014E522 /* AsteroidsWorker.swift */ = {isa = PBXFileReference; lastKnownFileType = sourcecode.swift; path = AsteroidsWorker.swift; sourceTree = "<group>"; };
		289FCE97264BEED80014E522 /* AsteroidsConfigurator.swift */ = {isa = PBXFileReference; lastKnownFileType = sourcecode.swift; path = AsteroidsConfigurator.swift; sourceTree = "<group>"; };
		B044EEC2A3AAE00AEED111EA /* Pods_TestApp.framework */ = {isa = PBXFileReference; explicitFileType = wrapper.framework; includeInIndex = 0; path = Pods_TestApp.framework; sourceTree = BUILT_PRODUCTS_DIR; };
		E5CD1A74635E3571403E0BBA /* Pods-TestApp.release.xcconfig */ = {isa = PBXFileReference; includeInIndex = 1; lastKnownFileType = text.xcconfig; name = "Pods-TestApp.release.xcconfig"; path = "Target Support Files/Pods-TestApp/Pods-TestApp.release.xcconfig"; sourceTree = "<group>"; };
/* End PBXFileReference section */

/* Begin PBXFrameworksBuildPhase section */
		2885D0D92637DD9F00D0FC12 /* Frameworks */ = {
			isa = PBXFrameworksBuildPhase;
			buildActionMask = 2147483647;
			files = (
				415ABD1AEB853AFC4A274943 /* Pods_TestApp.framework in Frameworks */,
			);
			runOnlyForDeploymentPostprocessing = 0;
		};
/* End PBXFrameworksBuildPhase section */

/* Begin PBXGroup section */
		285ADE8926385382008F7004 /* AsteroidDetailVC */ = {
			isa = PBXGroup;
			children = (
				285ADE8A263853BB008F7004 /* AsteroidDetailVC.swift */,
				2879001B2654E5CE0099AB53 /* AsteroidDetailInteractor.swift */,
				2879001D2654E5D60099AB53 /* AsteroidDetailPresenter.swift */,
				2879001F2654E5E20099AB53 /* AsteroidDetailRouter.swift */,
				287900232654E6000099AB53 /* AsteroidDetailConfigurator.swift */,
			);
			path = AsteroidDetailVC;
			sourceTree = "<group>";
		};
		287C49DC2637F30100F34030 /* APOD */ = {
			isa = PBXGroup;
			children = (
				2885D0FF2637EE1700D0FC12 /* APODViewController.swift */,
				289FCE81264B6B140014E522 /* APODInteractor.swift */,
				289FCE83264B6B210014E522 /* APODPresenter.swift */,
				289FCE85264B6B2D0014E522 /* APODRouter.swift */,
				289FCE89264B6BA80014E522 /* APODModels.swift */,
				289FCE8D264B80430014E522 /* APODConfigurator.swift */,
			);
			path = APOD;
			sourceTree = "<group>";
		};
		287C49DD2637F34000F34030 /* Asteroids */ = {
			isa = PBXGroup;
			children = (
				287C49E5263807E400F34030 /* Cell */,
				2885D1022637EE3300D0FC12 /* AsteroidsViewController.swift */,
				289FCE8F264BEE570014E522 /* AsteroidsInteractor.swift */,
				289FCE91264BEE640014E522 /* AsteroidsPresenter.swift */,
				287900192654DFA40099AB53 /* AsteroidsRouter.swift */,
				289FCE93264BEEA10014E522 /* AsteroidsModels.swift */,
				289FCE95264BEEAC0014E522 /* AsteroidsWorker.swift */,
				289FCE97264BEED80014E522 /* AsteroidsConfigurator.swift */,
			);
			path = Asteroids;
			sourceTree = "<group>";
		};
		287C49DE2637F37300F34030 /* WelcomeVC */ = {
			isa = PBXGroup;
			children = (
				2885D0E32637DD9F00D0FC12 /* WelcomeViewController.swift */,
				289FCE74264B5BF20014E522 /* WelcomeInteractor.swift */,
				289FCE76264B5BFD0014E522 /* WelcomePresentor.swift */,
				289FCE78264B5C1C0014E522 /* WelcomeRouter.swift */,
				289FCE7A264B5C2E0014E522 /* WelcomeWorker.swift */,
				289FCE7C264B5C480014E522 /* WelcomeModels.swift */,
				289FCE8B264B7E9E0014E522 /* WelcomeConfigurator.swift */,
			);
			path = WelcomeVC;
			sourceTree = "<group>";
		};
		287C49DF2637FB1C00F34030 /* Extensions */ = {
			isa = PBXGroup;
			children = (
				287C49E02637FB2900F34030 /* UIKit */,
			);
			path = Extensions;
			sourceTree = "<group>";
		};
		287C49E02637FB2900F34030 /* UIKit */ = {
			isa = PBXGroup;
			children = (
				287C49E12637FB4300F34030 /* UIButton + Extension.swift */,
				287C49E32637FD1200F34030 /* UIStackView + Extension.swift */,
				285ADE872638422C008F7004 /* UIColor + Extension .swift */,
			);
			path = UIKit;
			sourceTree = "<group>";
		};
		287C49E5263807E400F34030 /* Cell */ = {
			isa = PBXGroup;
			children = (
				287C49E82638139E00F34030 /* AsteroidCell.swift */,
			);
			path = Cell;
			sourceTree = "<group>";
		};
		2885D0D32637DD9F00D0FC12 = {
			isa = PBXGroup;
			children = (
				2885D0DE2637DD9F00D0FC12 /* TestApp */,
				2885D0DD2637DD9F00D0FC12 /* Products */,
				2DD626FF7DF885B86F58C60B /* Pods */,
				8174AD87A50A45304EF81D1F /* Frameworks */,
			);
			sourceTree = "<group>";
		};
		2885D0DD2637DD9F00D0FC12 /* Products */ = {
			isa = PBXGroup;
			children = (
				2885D0DC2637DD9F00D0FC12 /* TestApp.app */,
			);
			name = Products;
			sourceTree = "<group>";
		};
		2885D0DE2637DD9F00D0FC12 /* TestApp */ = {
			isa = PBXGroup;
			children = (
				2885D0DF2637DD9F00D0FC12 /* AppDelegate.swift */,
				2885D0E12637DD9F00D0FC12 /* SceneDelegate.swift */,
				285ADE8926385382008F7004 /* AsteroidDetailVC */,
				2885D1052637F03100D0FC12 /* Services */,
				287C49DE2637F37300F34030 /* WelcomeVC */,
				287C49DC2637F30100F34030 /* APOD */,
				287C49DD2637F34000F34030 /* Asteroids */,
				289FCE80264B6AEC0014E522 /* Models */,
				287C49DF2637FB1C00F34030 /* Extensions */,
				2885D0E52637DD9F00D0FC12 /* Main.storyboard */,
				2885D0E82637DDA200D0FC12 /* Assets.xcassets */,
				2885D0EA2637DDA200D0FC12 /* LaunchScreen.storyboard */,
				2885D0ED2637DDA200D0FC12 /* Info.plist */,
			);
			path = TestApp;
			sourceTree = "<group>";
		};
		2885D1052637F03100D0FC12 /* Services */ = {
			isa = PBXGroup;
			children = (
				2885D0F42637E1DC00D0FC12 /* NetworkService.swift */,
				287C49EC263824BE00F34030 /* NetworkDataFeatcher.swift */,
				287C49EE2638255D00F34030 /* API.swift */,
			);
			path = Services;
			sourceTree = "<group>";
		};
		289FCE80264B6AEC0014E522 /* Models */ = {
			isa = PBXGroup;
			children = (
				2885D0F82637E91300D0FC12 /* AsteroidModel.swift */,
				2885D0FB2637ECE200D0FC12 /* APODModel.swift */,
			);
			path = Models;
			sourceTree = "<group>";
		};
		2DD626FF7DF885B86F58C60B /* Pods */ = {
			isa = PBXGroup;
			children = (
				09F57EF68321A86CC27530A9 /* Pods-TestApp.debug.xcconfig */,
				E5CD1A74635E3571403E0BBA /* Pods-TestApp.release.xcconfig */,
			);
			path = Pods;
			sourceTree = "<group>";
		};
		8174AD87A50A45304EF81D1F /* Frameworks */ = {
			isa = PBXGroup;
			children = (
				B044EEC2A3AAE00AEED111EA /* Pods_TestApp.framework */,
			);
			name = Frameworks;
			sourceTree = "<group>";
		};
/* End PBXGroup section */

/* Begin PBXNativeTarget section */
		2885D0DB2637DD9F00D0FC12 /* TestApp */ = {
			isa = PBXNativeTarget;
			buildConfigurationList = 2885D0F02637DDA200D0FC12 /* Build configuration list for PBXNativeTarget "TestApp" */;
			buildPhases = (
				B89A01241F50DB4E40D23641 /* [CP] Check Pods Manifest.lock */,
				2885D0D82637DD9F00D0FC12 /* Sources */,
				2885D0D92637DD9F00D0FC12 /* Frameworks */,
				2885D0DA2637DD9F00D0FC12 /* Resources */,
			);
			buildRules = (
			);
			dependencies = (
			);
			name = TestApp;
			productName = TestApp;
			productReference = 2885D0DC2637DD9F00D0FC12 /* TestApp.app */;
			productType = "com.apple.product-type.application";
		};
/* End PBXNativeTarget section */

/* Begin PBXProject section */
		2885D0D42637DD9F00D0FC12 /* Project object */ = {
			isa = PBXProject;
			attributes = {
				LastSwiftUpdateCheck = 1240;
				LastUpgradeCheck = 1240;
				TargetAttributes = {
					2885D0DB2637DD9F00D0FC12 = {
						CreatedOnToolsVersion = 12.4;
					};
				};
			};
			buildConfigurationList = 2885D0D72637DD9F00D0FC12 /* Build configuration list for PBXProject "TestApp" */;
			compatibilityVersion = "Xcode 9.3";
			developmentRegion = en;
			hasScannedForEncodings = 0;
			knownRegions = (
				en,
				Base,
			);
			mainGroup = 2885D0D32637DD9F00D0FC12;
			productRefGroup = 2885D0DD2637DD9F00D0FC12 /* Products */;
			projectDirPath = "";
			projectRoot = "";
			targets = (
				2885D0DB2637DD9F00D0FC12 /* TestApp */,
			);
		};
/* End PBXProject section */

/* Begin PBXResourcesBuildPhase section */
		2885D0DA2637DD9F00D0FC12 /* Resources */ = {
			isa = PBXResourcesBuildPhase;
			buildActionMask = 2147483647;
			files = (
				2885D0EC2637DDA200D0FC12 /* LaunchScreen.storyboard in Resources */,
				2885D0E92637DDA200D0FC12 /* Assets.xcassets in Resources */,
				2885D0E72637DD9F00D0FC12 /* Main.storyboard in Resources */,
			);
			runOnlyForDeploymentPostprocessing = 0;
		};
/* End PBXResourcesBuildPhase section */

/* Begin PBXShellScriptBuildPhase section */
		B89A01241F50DB4E40D23641 /* [CP] Check Pods Manifest.lock */ = {
			isa = PBXShellScriptBuildPhase;
			buildActionMask = 2147483647;
			files = (
			);
			inputFileListPaths = (
			);
			inputPaths = (
				"${PODS_PODFILE_DIR_PATH}/Podfile.lock",
				"${PODS_ROOT}/Manifest.lock",
			);
			name = "[CP] Check Pods Manifest.lock";
			outputFileListPaths = (
			);
			outputPaths = (
				"$(DERIVED_FILE_DIR)/Pods-TestApp-checkManifestLockResult.txt",
			);
			runOnlyForDeploymentPostprocessing = 0;
			shellPath = /bin/sh;
			shellScript = "diff \"${PODS_PODFILE_DIR_PATH}/Podfile.lock\" \"${PODS_ROOT}/Manifest.lock\" > /dev/null\nif [ $? != 0 ] ; then\n    # print error to STDERR\n    echo \"error: The sandbox is not in sync with the Podfile.lock. Run 'pod install' or update your CocoaPods installation.\" >&2\n    exit 1\nfi\n# This output is used by Xcode 'outputs' to avoid re-running this script phase.\necho \"SUCCESS\" > \"${SCRIPT_OUTPUT_FILE_0}\"\n";
			showEnvVarsInLog = 0;
		};
/* End PBXShellScriptBuildPhase section */

/* Begin PBXSourcesBuildPhase section */
		2885D0D82637DD9F00D0FC12 /* Sources */ = {
			isa = PBXSourcesBuildPhase;
			buildActionMask = 2147483647;
			files = (
				289FCE96264BEEAC0014E522 /* AsteroidsWorker.swift in Sources */,
				289FCE98264BEED80014E522 /* AsteroidsConfigurator.swift in Sources */,
				287C49ED263824BE00F34030 /* NetworkDataFeatcher.swift in Sources */,
				289FCE90264BEE570014E522 /* AsteroidsInteractor.swift in Sources */,
				2885D0E42637DD9F00D0FC12 /* WelcomeViewController.swift in Sources */,
				2885D0FC2637ECE200D0FC12 /* APODModel.swift in Sources */,
				2885D0F92637E91300D0FC12 /* AsteroidModel.swift in Sources */,
				285ADE882638422C008F7004 /* UIColor + Extension .swift in Sources */,
				287C49E42637FD1200F34030 /* UIStackView + Extension.swift in Sources */,
				289FCE7D264B5C480014E522 /* WelcomeModels.swift in Sources */,
				289FCE8C264B7E9E0014E522 /* WelcomeConfigurator.swift in Sources */,
				2879001A2654DFA40099AB53 /* AsteroidsRouter.swift in Sources */,
				287900242654E6000099AB53 /* AsteroidDetailConfigurator.swift in Sources */,
				289FCE94264BEEA10014E522 /* AsteroidsModels.swift in Sources */,
				289FCE82264B6B150014E522 /* APODInteractor.swift in Sources */,
				2879001C2654E5CE0099AB53 /* AsteroidDetailInteractor.swift in Sources */,
				289FCE77264B5BFD0014E522 /* WelcomePresentor.swift in Sources */,
				287900202654E5E20099AB53 /* AsteroidDetailRouter.swift in Sources */,
				2885D1002637EE1700D0FC12 /* APODViewController.swift in Sources */,
				289FCE8A264B6BA80014E522 /* APODModels.swift in Sources */,
				289FCE92264BEE640014E522 /* AsteroidsPresenter.swift in Sources */,
				289FCE7B264B5C2E0014E522 /* WelcomeWorker.swift in Sources */,
				285ADE8B263853BB008F7004 /* AsteroidDetailVC.swift in Sources */,
				289FCE79264B5C1C0014E522 /* WelcomeRouter.swift in Sources */,
				2879001E2654E5D60099AB53 /* AsteroidDetailPresenter.swift in Sources */,
				289FCE8E264B80430014E522 /* APODConfigurator.swift in Sources */,
				2885D0E02637DD9F00D0FC12 /* AppDelegate.swift in Sources */,
				289FCE86264B6B2D0014E522 /* APODRouter.swift in Sources */,
				289FCE75264B5BF20014E522 /* WelcomeInteractor.swift in Sources */,
				287C49E92638139E00F34030 /* AsteroidCell.swift in Sources */,
				287C49EF2638255D00F34030 /* API.swift in Sources */,
				287C49E22637FB4300F34030 /* UIButton + Extension.swift in Sources */,
				2885D1032637EE3300D0FC12 /* AsteroidsViewController.swift in Sources */,
				2885D0F52637E1DC00D0FC12 /* NetworkService.swift in Sources */,
				289FCE84264B6B210014E522 /* APODPresenter.swift in Sources */,
				2885D0E22637DD9F00D0FC12 /* SceneDelegate.swift in Sources */,
			);
			runOnlyForDeploymentPostprocessing = 0;
		};
/* End PBXSourcesBuildPhase section */

/* Begin PBXVariantGroup section */
		2885D0E52637DD9F00D0FC12 /* Main.storyboard */ = {
			isa = PBXVariantGroup;
			children = (
				2885D0E62637DD9F00D0FC12 /* Base */,
			);
			name = Main.storyboard;
			sourceTree = "<group>";
		};
		2885D0EA2637DDA200D0FC12 /* LaunchScreen.storyboard */ = {
			isa = PBXVariantGroup;
			children = (
				2885D0EB2637DDA200D0FC12 /* Base */,
			);
			name = LaunchScreen.storyboard;
			sourceTree = "<group>";
		};
/* End PBXVariantGroup section */

/* Begin XCBuildConfiguration section */
		2885D0EE2637DDA200D0FC12 /* Debug */ = {
			isa = XCBuildConfiguration;
			buildSettings = {
				ALWAYS_SEARCH_USER_PATHS = NO;
				CLANG_ANALYZER_NONNULL = YES;
				CLANG_ANALYZER_NUMBER_OBJECT_CONVERSION = YES_AGGRESSIVE;
				CLANG_CXX_LANGUAGE_STANDARD = "gnu++14";
				CLANG_CXX_LIBRARY = "libc++";
				CLANG_ENABLE_MODULES = YES;
				CLANG_ENABLE_OBJC_ARC = YES;
				CLANG_ENABLE_OBJC_WEAK = YES;
				CLANG_WARN_BLOCK_CAPTURE_AUTORELEASING = YES;
				CLANG_WARN_BOOL_CONVERSION = YES;
				CLANG_WARN_COMMA = YES;
				CLANG_WARN_CONSTANT_CONVERSION = YES;
				CLANG_WARN_DEPRECATED_OBJC_IMPLEMENTATIONS = YES;
				CLANG_WARN_DIRECT_OBJC_ISA_USAGE = YES_ERROR;
				CLANG_WARN_DOCUMENTATION_COMMENTS = YES;
				CLANG_WARN_EMPTY_BODY = YES;
				CLANG_WARN_ENUM_CONVERSION = YES;
				CLANG_WARN_INFINITE_RECURSION = YES;
				CLANG_WARN_INT_CONVERSION = YES;
				CLANG_WARN_NON_LITERAL_NULL_CONVERSION = YES;
				CLANG_WARN_OBJC_IMPLICIT_RETAIN_SELF = YES;
				CLANG_WARN_OBJC_LITERAL_CONVERSION = YES;
				CLANG_WARN_OBJC_ROOT_CLASS = YES_ERROR;
				CLANG_WARN_QUOTED_INCLUDE_IN_FRAMEWORK_HEADER = YES;
				CLANG_WARN_RANGE_LOOP_ANALYSIS = YES;
				CLANG_WARN_STRICT_PROTOTYPES = YES;
				CLANG_WARN_SUSPICIOUS_MOVE = YES;
				CLANG_WARN_UNGUARDED_AVAILABILITY = YES_AGGRESSIVE;
				CLANG_WARN_UNREACHABLE_CODE = YES;
				CLANG_WARN__DUPLICATE_METHOD_MATCH = YES;
				COPY_PHASE_STRIP = NO;
				DEBUG_INFORMATION_FORMAT = dwarf;
				ENABLE_STRICT_OBJC_MSGSEND = YES;
				ENABLE_TESTABILITY = YES;
				GCC_C_LANGUAGE_STANDARD = gnu11;
				GCC_DYNAMIC_NO_PIC = NO;
				GCC_NO_COMMON_BLOCKS = YES;
				GCC_OPTIMIZATION_LEVEL = 0;
				GCC_PREPROCESSOR_DEFINITIONS = (
					"DEBUG=1",
					"$(inherited)",
				);
				GCC_WARN_64_TO_32_BIT_CONVERSION = YES;
				GCC_WARN_ABOUT_RETURN_TYPE = YES_ERROR;
				GCC_WARN_UNDECLARED_SELECTOR = YES;
				GCC_WARN_UNINITIALIZED_AUTOS = YES_AGGRESSIVE;
				GCC_WARN_UNUSED_FUNCTION = YES;
				GCC_WARN_UNUSED_VARIABLE = YES;
				IPHONEOS_DEPLOYMENT_TARGET = 14.4;
				MTL_ENABLE_DEBUG_INFO = INCLUDE_SOURCE;
				MTL_FAST_MATH = YES;
				ONLY_ACTIVE_ARCH = YES;
				SDKROOT = iphoneos;
				SWIFT_ACTIVE_COMPILATION_CONDITIONS = DEBUG;
				SWIFT_OPTIMIZATION_LEVEL = "-Onone";
			};
			name = Debug;
		};
		2885D0EF2637DDA200D0FC12 /* Release */ = {
			isa = XCBuildConfiguration;
			buildSettings = {
				ALWAYS_SEARCH_USER_PATHS = NO;
				CLANG_ANALYZER_NONNULL = YES;
				CLANG_ANALYZER_NUMBER_OBJECT_CONVERSION = YES_AGGRESSIVE;
				CLANG_CXX_LANGUAGE_STANDARD = "gnu++14";
				CLANG_CXX_LIBRARY = "libc++";
				CLANG_ENABLE_MODULES = YES;
				CLANG_ENABLE_OBJC_ARC = YES;
				CLANG_ENABLE_OBJC_WEAK = YES;
				CLANG_WARN_BLOCK_CAPTURE_AUTORELEASING = YES;
				CLANG_WARN_BOOL_CONVERSION = YES;
				CLANG_WARN_COMMA = YES;
				CLANG_WARN_CONSTANT_CONVERSION = YES;
				CLANG_WARN_DEPRECATED_OBJC_IMPLEMENTATIONS = YES;
				CLANG_WARN_DIRECT_OBJC_ISA_USAGE = YES_ERROR;
				CLANG_WARN_DOCUMENTATION_COMMENTS = YES;
				CLANG_WARN_EMPTY_BODY = YES;
				CLANG_WARN_ENUM_CONVERSION = YES;
				CLANG_WARN_INFINITE_RECURSION = YES;
				CLANG_WARN_INT_CONVERSION = YES;
				CLANG_WARN_NON_LITERAL_NULL_CONVERSION = YES;
				CLANG_WARN_OBJC_IMPLICIT_RETAIN_SELF = YES;
				CLANG_WARN_OBJC_LITERAL_CONVERSION = YES;
				CLANG_WARN_OBJC_ROOT_CLASS = YES_ERROR;
				CLANG_WARN_QUOTED_INCLUDE_IN_FRAMEWORK_HEADER = YES;
				CLANG_WARN_RANGE_LOOP_ANALYSIS = YES;
				CLANG_WARN_STRICT_PROTOTYPES = YES;
				CLANG_WARN_SUSPICIOUS_MOVE = YES;
				CLANG_WARN_UNGUARDED_AVAILABILITY = YES_AGGRESSIVE;
				CLANG_WARN_UNREACHABLE_CODE = YES;
				CLANG_WARN__DUPLICATE_METHOD_MATCH = YES;
				COPY_PHASE_STRIP = NO;
				DEBUG_INFORMATION_FORMAT = "dwarf-with-dsym";
				ENABLE_NS_ASSERTIONS = NO;
				ENABLE_STRICT_OBJC_MSGSEND = YES;
				GCC_C_LANGUAGE_STANDARD = gnu11;
				GCC_NO_COMMON_BLOCKS = YES;
				GCC_WARN_64_TO_32_BIT_CONVERSION = YES;
				GCC_WARN_ABOUT_RETURN_TYPE = YES_ERROR;
				GCC_WARN_UNDECLARED_SELECTOR = YES;
				GCC_WARN_UNINITIALIZED_AUTOS = YES_AGGRESSIVE;
				GCC_WARN_UNUSED_FUNCTION = YES;
				GCC_WARN_UNUSED_VARIABLE = YES;
				IPHONEOS_DEPLOYMENT_TARGET = 14.4;
				MTL_ENABLE_DEBUG_INFO = NO;
				MTL_FAST_MATH = YES;
				SDKROOT = iphoneos;
				SWIFT_COMPILATION_MODE = wholemodule;
				SWIFT_OPTIMIZATION_LEVEL = "-O";
				VALIDATE_PRODUCT = YES;
			};
			name = Release;
		};
		2885D0F12637DDA200D0FC12 /* Debug */ = {
			isa = XCBuildConfiguration;
			baseConfigurationReference = 09F57EF68321A86CC27530A9 /* Pods-TestApp.debug.xcconfig */;
			buildSettings = {
				ASSETCATALOG_COMPILER_APPICON_NAME = AppIcon;
				ASSETCATALOG_COMPILER_GLOBAL_ACCENT_COLOR_NAME = AccentColor;
				CODE_SIGN_STYLE = Automatic;
				DEVELOPMENT_TEAM = 79T89CSWV2;
				INFOPLIST_FILE = TestApp/Info.plist;
				LD_RUNPATH_SEARCH_PATHS = (
					"$(inherited)",
					"@executable_path/Frameworks",
				);
				PRODUCT_BUNDLE_IDENTIFIER = DopeOfTruth.TestApp;
				PRODUCT_NAME = "$(TARGET_NAME)";
				SWIFT_VERSION = 5.0;
				TARGETED_DEVICE_FAMILY = "1,2";
			};
			name = Debug;
		};
		2885D0F22637DDA200D0FC12 /* Release */ = {
			isa = XCBuildConfiguration;
			baseConfigurationReference = E5CD1A74635E3571403E0BBA /* Pods-TestApp.release.xcconfig */;
			buildSettings = {
				ASSETCATALOG_COMPILER_APPICON_NAME = AppIcon;
				ASSETCATALOG_COMPILER_GLOBAL_ACCENT_COLOR_NAME = AccentColor;
				CODE_SIGN_STYLE = Automatic;
				DEVELOPMENT_TEAM = 79T89CSWV2;
				INFOPLIST_FILE = TestApp/Info.plist;
				LD_RUNPATH_SEARCH_PATHS = (
					"$(inherited)",
					"@executable_path/Frameworks",
				);
				PRODUCT_BUNDLE_IDENTIFIER = DopeOfTruth.TestApp;
				PRODUCT_NAME = "$(TARGET_NAME)";
				SWIFT_VERSION = 5.0;
				TARGETED_DEVICE_FAMILY = "1,2";
			};
			name = Release;
		};
/* End XCBuildConfiguration section */

/* Begin XCConfigurationList section */
		2885D0D72637DD9F00D0FC12 /* Build configuration list for PBXProject "TestApp" */ = {
			isa = XCConfigurationList;
			buildConfigurations = (
				2885D0EE2637DDA200D0FC12 /* Debug */,
				2885D0EF2637DDA200D0FC12 /* Release */,
			);
			defaultConfigurationIsVisible = 0;
			defaultConfigurationName = Release;
		};
		2885D0F02637DDA200D0FC12 /* Build configuration list for PBXNativeTarget "TestApp" */ = {
			isa = XCConfigurationList;
			buildConfigurations = (
				2885D0F12637DDA200D0FC12 /* Debug */,
				2885D0F22637DDA200D0FC12 /* Release */,
			);
			defaultConfigurationIsVisible = 0;
			defaultConfigurationName = Release;
		};
/* End XCConfigurationList section */
	};
	rootObject = 2885D0D42637DD9F00D0FC12 /* Project object */;
}
